{
  "name": "dss-js",
  "version": "1.0.0",
  "lockfileVersion": 1,
  "requires": true,
  "dependencies": {
    "@hydrophobefireman/j-utils": {
      "version": "2.0.1",
      "resolved": "https://registry.npmjs.org/@hydrophobefireman/j-utils/-/j-utils-2.0.1.tgz",
      "integrity": "sha512-njyWOIUEVk0UlnVJWmlWdBvUAZNeFItIN1Tv6vIcx3BlWjNYq8NltG3pH6vQLaD2nqo16aFxkk9UtfUb7BZfyA=="
    }
  }
}
